
Microsoft Visual Studio Solution File, Format Version 12.00
# Visual Studio 15
Project("{FAE04EC0-301F-11D3-BF4B-00C04F79EFBC}") = "Unity.Timeline", "Unity.Timeline.csproj", "{51D604A7-EB3E-098B-BF7A-A42112CC0C09}"
EndProject
Project("{FAE04EC0-301F-11D3-BF4B-00C04F79EFBC}") = "Unity.Timeline.Editor", "Unity.Timeline.Editor.csproj", "{064DE38B-0F21-9CF3-81FA-47BF127D467E}"
EndProject
Project("{FAE04EC0-301F-11D3-BF4B-00C04F79EFBC}") = "Unity.2D.Tilemap.Editor", "Unity.2D.Tilemap.Editor.csproj", "{BC46DC1B-5E7D-4038-4CFC-7AAB9F0A7087}"
EndProject
Project("{FAE04EC0-301F-11D3-BF4B-00C04F79EFBC}") = "Unity.TextMeshPro.Editor", "Unity.TextMeshPro.Editor.csproj", "{CBCF7663-528A-E825-F721-ED2AEEADD7A1}"
EndProject
Project("{FAE04EC0-301F-11D3-BF4B-00C04F79EFBC}") = "Unity.2D.Aseprite.Editor", "Unity.2D.Aseprite.Editor.csproj", "{2214A336-BC6C-86A7-0FCC-2461FBA10E26}"
EndProject
Project("{FAE04EC0-301F-11D3-BF4B-00C04F79EFBC}") = "Unity.VisualScripting.Flow", "Unity.VisualScripting.Flow.csproj", "{3DA38345-2D5F-BE8A-5C5B-61871B4194E3}"
EndProject
Project("{FAE04EC0-301F-11D3-BF4B-00C04F79EFBC}") = "UnityEditor.UI", "UnityEditor.UI.csproj", "{B3D2E0A0-DF36-D5E7-B432-918FDCABD23D}"
EndProject
Project("{FAE04EC0-301F-11D3-BF4B-00C04F79EFBC}") = "Unity.PlasticSCM.Editor", "Unity.PlasticSCM.Editor.csproj", "{3F861784-D874-C7EB-DCC0-664031146CD5}"
EndProject
Project("{FAE04EC0-301F-11D3-BF4B-00C04F79EFBC}") = "Unity.2D.Psdimporter.Editor", "Unity.2D.Psdimporter.Editor.csproj", "{211B4741-37D0-D310-5571-DBEB52343B83}"
EndProject
Project("{FAE04EC0-301F-11D3-BF4B-00C04F79EFBC}") = "Unity.VisualScripting.Core", "Unity.VisualScripting.Core.csproj", "{05CF7F8C-576F-185F-B95C-F028AFFF8446}"
EndProject
Project("{FAE04EC0-301F-11D3-BF4B-00C04F79EFBC}") = "Unity.Mathematics", "Unity.Mathematics.csproj", "{A897383C-B552-D6D5-5988-D691D3110F41}"
EndProject
Project("{FAE04EC0-301F-11D3-BF4B-00C04F79EFBC}") = "Unity.2D.Animation.Editor", "Unity.2D.Animation.Editor.csproj", "{0589DDEA-9EE5-8DD1-4FCE-B4AA874FD301}"
EndProject
Project("{FAE04EC0-301F-11D3-BF4B-00C04F79EFBC}") = "Unity.2D.Common.Path.Editor", "Unity.2D.Common.Path.Editor.csproj", "{63C9A92D-A1FF-85C9-2D47-3A991A7874EC}"
EndProject
Project("{FAE04EC0-301F-11D3-BF4B-00C04F79EFBC}") = "Unity.VisualScripting.Core.Editor", "Unity.VisualScripting.Core.Editor.csproj", "{ABE8FF3E-009C-A458-3F72-108FA26E26D4}"
EndProject
Project("{FAE04EC0-301F-11D3-BF4B-00C04F79EFBC}") = "Unity.2D.IK.Runtime", "Unity.2D.IK.Runtime.csproj", "{2A119C1B-31E1-C4F6-2AED-E92E4CA5C2B3}"
EndProject
Project("{FAE04EC0-301F-11D3-BF4B-00C04F79EFBC}") = "Unity.VisualScripting.Flow.Editor", "Unity.VisualScripting.Flow.Editor.csproj", "{BC8E95B2-DD92-4785-1663-7054F3C4E8F6}"
EndProject
Project("{FAE04EC0-301F-11D3-BF4B-00C04F79EFBC}") = "UnityEditor.TestRunner", "UnityEditor.TestRunner.csproj", "{E649F55A-8BAE-B472-976F-F2D42B2E788F}"
EndProject
Project("{FAE04EC0-301F-11D3-BF4B-00C04F79EFBC}") = "Unity.VisualScripting.SettingsProvider.Editor", "Unity.VisualScripting.SettingsProvider.Editor.csproj", "{AF587FE4-5D15-765A-FFE3-A950BAE8CBE2}"
EndProject
Project("{FAE04EC0-301F-11D3-BF4B-00C04F79EFBC}") = "UnityEngine.TestRunner", "UnityEngine.TestRunner.csproj", "{F02D9AB9-8699-D0E4-3604-59BBD6471E1C}"
EndProject
Project("{FAE04EC0-301F-11D3-BF4B-00C04F79EFBC}") = "PsdPlugin", "PsdPlugin.csproj", "{E8745DEB-179F-A0C7-53B8-5B46A1244EED}"
EndProject
Project("{FAE04EC0-301F-11D3-BF4B-00C04F79EFBC}") = "Unity.Burst", "Unity.Burst.csproj", "{E183D0A0-1791-B33B-14C3-5491FE04084F}"
EndProject
Project("{FAE04EC0-301F-11D3-BF4B-00C04F79EFBC}") = "UnityEngine.UI", "UnityEngine.UI.csproj", "{FC31EE99-17A0-62CB-9584-045B1BFDF42D}"
EndProject
Project("{FAE04EC0-301F-11D3-BF4B-00C04F79EFBC}") = "Unity.2D.SpriteShape.Editor", "Unity.2D.SpriteShape.Editor.csproj", "{98025B1C-F64C-2F3A-1481-87FC03DEA293}"
EndProject
Project("{FAE04EC0-301F-11D3-BF4B-00C04F79EFBC}") = "Unity.Collections", "Unity.Collections.csproj", "{A277A317-7594-FD47-758D-6B5663B666BA}"
EndProject
Project("{FAE04EC0-301F-11D3-BF4B-00C04F79EFBC}") = "Assembly-CSharp", "Assembly-CSharp.csproj", "{EE788991-AF7E-AB44-0CC1-05ECE22C2E73}"
EndProject
Project("{FAE04EC0-301F-11D3-BF4B-00C04F79EFBC}") = "Unity.VisualStudio.Editor", "Unity.VisualStudio.Editor.csproj", "{AA63A237-E1BD-8B8A-B87D-F1EB40B5D53C}"
EndProject
Project("{FAE04EC0-301F-11D3-BF4B-00C04F79EFBC}") = "Unity.2D.Tilemap.Extras.Editor", "Unity.2D.Tilemap.Extras.Editor.csproj", "{DE1A0C5F-778D-91BA-2F94-41FCFFCECC54}"
EndProject
Project("{FAE04EC0-301F-11D3-BF4B-00C04F79EFBC}") = "Unity.Rider.Editor", "Unity.Rider.Editor.csproj", "{88B8B0D1-F62C-3622-2781-4E09645F6AC1}"
EndProject
Project("{FAE04EC0-301F-11D3-BF4B-00C04F79EFBC}") = "Unity.InternalAPIEditorBridge.001", "Unity.InternalAPIEditorBridge.001.csproj", "{59017F52-EE1E-4CEC-8D64-7BD9B8EE3C6F}"
EndProject
Project("{FAE04EC0-301F-11D3-BF4B-00C04F79EFBC}") = "Unity.2D.SpriteShape.Runtime", "Unity.2D.SpriteShape.Runtime.csproj", "{FEB818CD-BCA0-F8F7-6F0E-DC31A1FC0F51}"
EndProject
Project("{FAE04EC0-301F-11D3-BF4B-00C04F79EFBC}") = "Unity.VisualScripting.State.Editor", "Unity.VisualScripting.State.Editor.csproj", "{E56C1CE7-70FC-02A4-88C8-D2EE48645DE6}"
EndProject
Project("{FAE04EC0-301F-11D3-BF4B-00C04F79EFBC}") = "Unity.2D.Animation.Runtime", "Unity.2D.Animation.Runtime.csproj", "{95BFFF0C-3E13-4EE5-7EFF-F0DDDFA9122F}"
EndProject
Project("{FAE04EC0-301F-11D3-BF4B-00C04F79EFBC}") = "Unity.Burst.CodeGen", "Unity.Burst.CodeGen.csproj", "{99E17553-8DCC-5F2A-F172-E0E41FC3AFAF}"
EndProject
Project("{FAE04EC0-301F-11D3-BF4B-00C04F79EFBC}") = "Unity.2D.Tilemap.Extras", "Unity.2D.Tilemap.Extras.csproj", "{B90DA3CA-4AD4-3707-8FF1-4494D90F3CF6}"
EndProject
Project("{FAE04EC0-301F-11D3-BF4B-00C04F79EFBC}") = "Unity.VisualScripting.State", "Unity.VisualScripting.State.csproj", "{9D37C9C6-5D35-E668-0600-2DE47D360BB0}"
EndProject
Project("{FAE04EC0-301F-11D3-BF4B-00C04F79EFBC}") = "Unity.TextMeshPro", "Unity.TextMeshPro.csproj", "{8969B96C-9F30-D084-EE34-DCB57E185812}"
EndProject
Project("{FAE04EC0-301F-11D3-BF4B-00C04F79EFBC}") = "Unity.2D.Aseprite.Common", "Unity.2D.Aseprite.Common.csproj", "{865E70EE-B67F-DA4A-ED93-0AF7AAE1E1BA}"
EndProject
Project("{FAE04EC0-301F-11D3-BF4B-00C04F79EFBC}") = "Unity.2D.IK.Editor", "Unity.2D.IK.Editor.csproj", "{6419FE4C-0A34-5166-1F4F-D46AC1D39121}"
EndProject
Project("{FAE04EC0-301F-11D3-BF4B-00C04F79EFBC}") = "Unity.InternalAPIEngineBridge.001", "Unity.InternalAPIEngineBridge.001.csproj", "{252E1EC4-C493-91F5-E19C-CFABE201C482}"
EndProject
Project("{FAE04EC0-301F-11D3-BF4B-00C04F79EFBC}") = "Unity.Burst.Editor", "Unity.Burst.Editor.csproj", "{C2178493-046E-2C48-EABE-2BF54E43AD61}"
EndProject
Project("{FAE04EC0-301F-11D3-BF4B-00C04F79EFBC}") = "Unity.2D.Common.Editor", "Unity.2D.Common.Editor.csproj", "{ED234692-D4E1-53E7-CBD7-34F76A65E11D}"
EndProject
Project("{FAE04EC0-301F-11D3-BF4B-00C04F79EFBC}") = "Unity.2D.Sprite.Editor", "Unity.2D.Sprite.Editor.csproj", "{C3E6D3A8-6896-EAB8-D2FA-F5E6FB80765F}"
EndProject
Project("{FAE04EC0-301F-11D3-BF4B-00C04F79EFBC}") = "Unity.2D.PixelPerfect", "Unity.2D.PixelPerfect.csproj", "{80A4BB3D-CF0C-35E1-DA35-8512CCBBF22B}"
EndProject
Project("{FAE04EC0-301F-11D3-BF4B-00C04F79EFBC}") = "Unity.2D.PixelPerfect.Editor", "Unity.2D.PixelPerfect.Editor.csproj", "{6F297144-AAA8-99A6-896C-C1B57D982FF1}"
EndProject
Project("{FAE04EC0-301F-11D3-BF4B-00C04F79EFBC}") = "Unity.2D.Common.Runtime", "Unity.2D.Common.Runtime.csproj", "{866B5106-D232-6170-9038-CD66C61D7E6E}"
EndProject
Project("{FAE04EC0-301F-11D3-BF4B-00C04F79EFBC}") = "Unity.Mathematics.Editor", "Unity.Mathematics.Editor.csproj", "{1CB78B6A-8CE0-940A-7164-31A40B141960}"
EndProject
Project("{FAE04EC0-301F-11D3-BF4B-00C04F79EFBC}") = "Unity.Collections.BurstCompatibilityGen", "Unity.Collections.BurstCompatibilityGen.csproj", "{2A4AE189-546B-7DC1-CD27-7D7111E6425B}"
EndProject
Project("{FAE04EC0-301F-11D3-BF4B-00C04F79EFBC}") = "Unity.InternalAPIEditorBridge.005", "Unity.InternalAPIEditorBridge.005.csproj", "{87156B6A-ECF3-F2E1-D3D0-C5B30BF52005}"
EndProject
Project("{FAE04EC0-301F-11D3-BF4B-00C04F79EFBC}") = "Unity.VisualScripting.Shared.Editor", "Unity.VisualScripting.Shared.Editor.csproj", "{91AF9AFF-2FBD-04C5-67F0-793DB8D824B2}"
EndProject
Project("{FAE04EC0-301F-11D3-BF4B-00C04F79EFBC}") = "Unity.Collections.DocCodeSamples", "Unity.Collections.DocCodeSamples.csproj", "{058D0467-397A-BCE9-D68D-6AAAB94D9345}"
EndProject
Project("{FAE04EC0-301F-11D3-BF4B-00C04F79EFBC}") = "Unity.CollabProxy.Editor", "Unity.CollabProxy.Editor.csproj", "{B26ECF21-7D31-116F-3B2D-0FCF7AEE72EA}"
EndProject
Project("{FAE04EC0-301F-11D3-BF4B-00C04F79EFBC}") = "Unity.Timeline", "Unity.Timeline.Player.csproj", "{60A9C2D1-74CC-756C-3DC1-D73371605AC6}"
EndProject
Project("{FAE04EC0-301F-11D3-BF4B-00C04F79EFBC}") = "Unity.VisualScripting.Flow", "Unity.VisualScripting.Flow.Player.csproj", "{3F99A7D0-9B6A-78B2-FA5F-D109F1AC6037}"
EndProject
Project("{FAE04EC0-301F-11D3-BF4B-00C04F79EFBC}") = "Unity.VisualScripting.Core", "Unity.VisualScripting.Core.Player.csproj", "{4A77BE4F-8274-30E5-6E1E-B19649F180F6}"
EndProject
Project("{FAE04EC0-301F-11D3-BF4B-00C04F79EFBC}") = "Unity.Mathematics", "Unity.Mathematics.Player.csproj", "{16DFF622-F856-76F4-3DCD-AB390FAA943B}"
EndProject
Project("{FAE04EC0-301F-11D3-BF4B-00C04F79EFBC}") = "Unity.2D.IK.Runtime", "Unity.2D.IK.Runtime.Player.csproj", "{BE9B7144-A1BF-C1D6-4283-8EE1D2C90F52}"
EndProject
Project("{FAE04EC0-301F-11D3-BF4B-00C04F79EFBC}") = "UnityEngine.TestRunner", "UnityEngine.TestRunner.Player.csproj", "{D5EB4C2A-4B6F-0BFB-76C7-361EDB528CBD}"
EndProject
Project("{FAE04EC0-301F-11D3-BF4B-00C04F79EFBC}") = "Unity.Burst", "Unity.Burst.Player.csproj", "{6775D7FE-A1E4-81F7-5556-6706D611F447}"
EndProject
Project("{FAE04EC0-301F-11D3-BF4B-00C04F79EFBC}") = "UnityEngine.UI", "UnityEngine.UI.Player.csproj", "{412986D3-F7A5-2541-4505-5D6B64D43F75}"
EndProject
Project("{FAE04EC0-301F-11D3-BF4B-00C04F79EFBC}") = "Unity.Collections", "Unity.Collections.Player.csproj", "{0BBFEE13-3DDC-B54B-F61D-5D9DB3579D98}"
EndProject
Project("{FAE04EC0-301F-11D3-BF4B-00C04F79EFBC}") = "Assembly-CSharp", "Assembly-CSharp.Player.csproj", "{ED27F715-421C-FDB6-BD28-DAEF28FEE66F}"
EndProject
Project("{FAE04EC0-301F-11D3-BF4B-00C04F79EFBC}") = "Unity.2D.SpriteShape.Runtime", "Unity.2D.SpriteShape.Runtime.Player.csproj", "{BEAA152F-B823-FE38-8381-04912B956848}"
EndProject
Project("{FAE04EC0-301F-11D3-BF4B-00C04F79EFBC}") = "Unity.2D.Animation.Runtime", "Unity.2D.Animation.Runtime.Player.csproj", "{1E5AB977-9F88-4F2D-93AC-EB5831D628CB}"
EndProject
Project("{FAE04EC0-301F-11D3-BF4B-00C04F79EFBC}") = "Unity.2D.Tilemap.Extras", "Unity.2D.Tilemap.Extras.Player.csproj", "{8D755614-2531-0914-46B2-BA139B03BCAA}"
EndProject
Project("{FAE04EC0-301F-11D3-BF4B-00C04F79EFBC}") = "Unity.VisualScripting.State", "Unity.VisualScripting.State.Player.csproj", "{7F2CB49B-EACA-FCAD-3AFD-CF6A7F61DF29}"
EndProject
Project("{FAE04EC0-301F-11D3-BF4B-00C04F79EFBC}") = "Unity.TextMeshPro", "Unity.TextMeshPro.Player.csproj", "{E5075439-492A-89C3-5D42-6B34436ECB54}"
EndProject
Project("{FAE04EC0-301F-11D3-BF4B-00C04F79EFBC}") = "Unity.InternalAPIEngineBridge.001", "Unity.InternalAPIEngineBridge.001.Player.csproj", "{3709C1E5-8729-33DA-9DA1-BA13BDB9282E}"
EndProject
Project("{FAE04EC0-301F-11D3-BF4B-00C04F79EFBC}") = "Unity.2D.PixelPerfect", "Unity.2D.PixelPerfect.Player.csproj", "{7973C3F3-AD21-02E9-44A2-10607AF084C5}"
EndProject
Project("{FAE04EC0-301F-11D3-BF4B-00C04F79EFBC}") = "Unity.2D.Common.Runtime", "Unity.2D.Common.Runtime.Player.csproj", "{CBD9678F-18AC-C141-7395-5A0B989935ED}"
EndProject
Global
	GlobalSection(SolutionConfigurationPlatforms) = preSolution
		Debug|Any CPU = Debug|Any CPU
		Release|Any CPU = Release|Any CPU
	EndGlobalSection
	GlobalSection(ProjectConfigurationPlatforms) = postSolution
		{51D604A7-EB3E-098B-BF7A-A42112CC0C09}.Debug|Any CPU.ActiveCfg = Debug|Any CPU
		{51D604A7-EB3E-098B-BF7A-A42112CC0C09}.Debug|Any CPU.Build.0 = Debug|Any CPU
		{51D604A7-EB3E-098B-BF7A-A42112CC0C09}.Release|Any CPU.ActiveCfg = Release|Any CPU
		{51D604A7-EB3E-098B-BF7A-A42112CC0C09}.Release|Any CPU.Build.0 = Release|Any CPU
		{064DE38B-0F21-9CF3-81FA-47BF127D467E}.Debug|Any CPU.ActiveCfg = Debug|Any CPU
		{064DE38B-0F21-9CF3-81FA-47BF127D467E}.Debug|Any CPU.Build.0 = Debug|Any CPU
		{064DE38B-0F21-9CF3-81FA-47BF127D467E}.Release|Any CPU.ActiveCfg = Release|Any CPU
		{064DE38B-0F21-9CF3-81FA-47BF127D467E}.Release|Any CPU.Build.0 = Release|Any CPU
		{BC46DC1B-5E7D-4038-4CFC-7AAB9F0A7087}.Debug|Any CPU.ActiveCfg = Debug|Any CPU
		{BC46DC1B-5E7D-4038-4CFC-7AAB9F0A7087}.Debug|Any CPU.Build.0 = Debug|Any CPU
		{BC46DC1B-5E7D-4038-4CFC-7AAB9F0A7087}.Release|Any CPU.ActiveCfg = Release|Any CPU
		{BC46DC1B-5E7D-4038-4CFC-7AAB9F0A7087}.Release|Any CPU.Build.0 = Release|Any CPU
		{CBCF7663-528A-E825-F721-ED2AEEADD7A1}.Debug|Any CPU.ActiveCfg = Debug|Any CPU
		{CBCF7663-528A-E825-F721-ED2AEEADD7A1}.Debug|Any CPU.Build.0 = Debug|Any CPU
		{CBCF7663-528A-E825-F721-ED2AEEADD7A1}.Release|Any CPU.ActiveCfg = Release|Any CPU
		{CBCF7663-528A-E825-F721-ED2AEEADD7A1}.Release|Any CPU.Build.0 = Release|Any CPU
		{2214A336-BC6C-86A7-0FCC-2461FBA10E26}.Debug|Any CPU.ActiveCfg = Debug|Any CPU
		{2214A336-BC6C-86A7-0FCC-2461FBA10E26}.Debug|Any CPU.Build.0 = Debug|Any CPU
		{2214A336-BC6C-86A7-0FCC-2461FBA10E26}.Release|Any CPU.ActiveCfg = Release|Any CPU
		{2214A336-BC6C-86A7-0FCC-2461FBA10E26}.Release|Any CPU.Build.0 = Release|Any CPU
		{3DA38345-2D5F-BE8A-5C5B-61871B4194E3}.Debug|Any CPU.ActiveCfg = Debug|Any CPU
		{3DA38345-2D5F-BE8A-5C5B-61871B4194E3}.Debug|Any CPU.Build.0 = Debug|Any CPU
		{3DA38345-2D5F-BE8A-5C5B-61871B4194E3}.Release|Any CPU.ActiveCfg = Release|Any CPU
		{3DA38345-2D5F-BE8A-5C5B-61871B4194E3}.Release|Any CPU.Build.0 = Release|Any CPU
		{B3D2E0A0-DF36-D5E7-B432-918FDCABD23D}.Debug|Any CPU.ActiveCfg = Debug|Any CPU
		{B3D2E0A0-DF36-D5E7-B432-918FDCABD23D}.Debug|Any CPU.Build.0 = Debug|Any CPU
		{B3D2E0A0-DF36-D5E7-B432-918FDCABD23D}.Release|Any CPU.ActiveCfg = Release|Any CPU
		{B3D2E0A0-DF36-D5E7-B432-918FDCABD23D}.Release|Any CPU.Build.0 = Release|Any CPU
		{3F861784-D874-C7EB-DCC0-664031146CD5}.Debug|Any CPU.ActiveCfg = Debug|Any CPU
		{3F861784-D874-C7EB-DCC0-664031146CD5}.Debug|Any CPU.Build.0 = Debug|Any CPU
		{3F861784-D874-C7EB-DCC0-664031146CD5}.Release|Any CPU.ActiveCfg = Release|Any CPU
		{3F861784-D874-C7EB-DCC0-664031146CD5}.Release|Any CPU.Build.0 = Release|Any CPU
		{211B4741-37D0-D310-5571-DBEB52343B83}.Debug|Any CPU.ActiveCfg = Debug|Any CPU
		{211B4741-37D0-D310-5571-DBEB52343B83}.Debug|Any CPU.Build.0 = Debug|Any CPU
		{211B4741-37D0-D310-5571-DBEB52343B83}.Release|Any CPU.ActiveCfg = Release|Any CPU
		{211B4741-37D0-D310-5571-DBEB52343B83}.Release|Any CPU.Build.0 = Release|Any CPU
		{05CF7F8C-576F-185F-B95C-F028AFFF8446}.Debug|Any CPU.ActiveCfg = Debug|Any CPU
		{05CF7F8C-576F-185F-B95C-F028AFFF8446}.Debug|Any CPU.Build.0 = Debug|Any CPU
		{05CF7F8C-576F-185F-B95C-F028AFFF8446}.Release|Any CPU.ActiveCfg = Release|Any CPU
		{05CF7F8C-576F-185F-B95C-F028AFFF8446}.Release|Any CPU.Build.0 = Release|Any CPU
		{A897383C-B552-D6D5-5988-D691D3110F41}.Debug|Any CPU.ActiveCfg = Debug|Any CPU
		{A897383C-B552-D6D5-5988-D691D3110F41}.Debug|Any CPU.Build.0 = Debug|Any CPU
		{A897383C-B552-D6D5-5988-D691D3110F41}.Release|Any CPU.ActiveCfg = Release|Any CPU
		{A897383C-B552-D6D5-5988-D691D3110F41}.Release|Any CPU.Build.0 = Release|Any CPU
		{0589DDEA-9EE5-8DD1-4FCE-B4AA874FD301}.Debug|Any CPU.ActiveCfg = Debug|Any CPU
		{0589DDEA-9EE5-8DD1-4FCE-B4AA874FD301}.Debug|Any CPU.Build.0 = Debug|Any CPU
		{0589DDEA-9EE5-8DD1-4FCE-B4AA874FD301}.Release|Any CPU.ActiveCfg = Release|Any CPU
		{0589DDEA-9EE5-8DD1-4FCE-B4AA874FD301}.Release|Any CPU.Build.0 = Release|Any CPU
		{63C9A92D-A1FF-85C9-2D47-3A991A7874EC}.Debug|Any CPU.ActiveCfg = Debug|Any CPU
		{63C9A92D-A1FF-85C9-2D47-3A991A7874EC}.Debug|Any CPU.Build.0 = Debug|Any CPU
		{63C9A92D-A1FF-85C9-2D47-3A991A7874EC}.Release|Any CPU.ActiveCfg = Release|Any CPU
		{63C9A92D-A1FF-85C9-2D47-3A991A7874EC}.Release|Any CPU.Build.0 = Release|Any CPU
		{ABE8FF3E-009C-A458-3F72-108FA26E26D4}.Debug|Any CPU.ActiveCfg = Debug|Any CPU
		{ABE8FF3E-009C-A458-3F72-108FA26E26D4}.Debug|Any CPU.Build.0 = Debug|Any CPU
		{ABE8FF3E-009C-A458-3F72-108FA26E26D4}.Release|Any CPU.ActiveCfg = Release|Any CPU
		{ABE8FF3E-009C-A458-3F72-108FA26E26D4}.Release|Any CPU.Build.0 = Release|Any CPU
		{2A119C1B-31E1-C4F6-2AED-E92E4CA5C2B3}.Debug|Any CPU.ActiveCfg = Debug|Any CPU
		{2A119C1B-31E1-C4F6-2AED-E92E4CA5C2B3}.Debug|Any CPU.Build.0 = Debug|Any CPU
		{2A119C1B-31E1-C4F6-2AED-E92E4CA5C2B3}.Release|Any CPU.ActiveCfg = Release|Any CPU
		{2A119C1B-31E1-C4F6-2AED-E92E4CA5C2B3}.Release|Any CPU.Build.0 = Release|Any CPU
		{BC8E95B2-DD92-4785-1663-7054F3C4E8F6}.Debug|Any CPU.ActiveCfg = Debug|Any CPU
		{BC8E95B2-DD92-4785-1663-7054F3C4E8F6}.Debug|Any CPU.Build.0 = Debug|Any CPU
		{BC8E95B2-DD92-4785-1663-7054F3C4E8F6}.Release|Any CPU.ActiveCfg = Release|Any CPU
		{BC8E95B2-DD92-4785-1663-7054F3C4E8F6}.Release|Any CPU.Build.0 = Release|Any CPU
		{E649F55A-8BAE-B472-976F-F2D42B2E788F}.Debug|Any CPU.ActiveCfg = Debug|Any CPU
		{E649F55A-8BAE-B472-976F-F2D42B2E788F}.Debug|Any CPU.Build.0 = Debug|Any CPU
		{E649F55A-8BAE-B472-976F-F2D42B2E788F}.Release|Any CPU.ActiveCfg = Release|Any CPU
		{E649F55A-8BAE-B472-976F-F2D42B2E788F}.Release|Any CPU.Build.0 = Release|Any CPU
		{AF587FE4-5D15-765A-FFE3-A950BAE8CBE2}.Debug|Any CPU.ActiveCfg = Debug|Any CPU
		{AF587FE4-5D15-765A-FFE3-A950BAE8CBE2}.Debug|Any CPU.Build.0 = Debug|Any CPU
		{AF587FE4-5D15-765A-FFE3-A950BAE8CBE2}.Release|Any CPU.ActiveCfg = Release|Any CPU
		{AF587FE4-5D15-765A-FFE3-A950BAE8CBE2}.Release|Any CPU.Build.0 = Release|Any CPU
		{F02D9AB9-8699-D0E4-3604-59BBD6471E1C}.Debug|Any CPU.ActiveCfg = Debug|Any CPU
		{F02D9AB9-8699-D0E4-3604-59BBD6471E1C}.Debug|Any CPU.Build.0 = Debug|Any CPU
		{F02D9AB9-8699-D0E4-3604-59BBD6471E1C}.Release|Any CPU.ActiveCfg = Release|Any CPU
		{F02D9AB9-8699-D0E4-3604-59BBD6471E1C}.Release|Any CPU.Build.0 = Release|Any CPU
		{E8745DEB-179F-A0C7-53B8-5B46A1244EED}.Debug|Any CPU.ActiveCfg = Debug|Any CPU
		{E8745DEB-179F-A0C7-53B8-5B46A1244EED}.Debug|Any CPU.Build.0 = Debug|Any CPU
		{E8745DEB-179F-A0C7-53B8-5B46A1244EED}.Release|Any CPU.ActiveCfg = Release|Any CPU
		{E8745DEB-179F-A0C7-53B8-5B46A1244EED}.Release|Any CPU.Build.0 = Release|Any CPU
		{E183D0A0-1791-B33B-14C3-5491FE04084F}.Debug|Any CPU.ActiveCfg = Debug|Any CPU
		{E183D0A0-1791-B33B-14C3-5491FE04084F}.Debug|Any CPU.Build.0 = Debug|Any CPU
		{E183D0A0-1791-B33B-14C3-5491FE04084F}.Release|Any CPU.ActiveCfg = Release|Any CPU
		{E183D0A0-1791-B33B-14C3-5491FE04084F}.Release|Any CPU.Build.0 = Release|Any CPU
		{FC31EE99-17A0-62CB-9584-045B1BFDF42D}.Debug|Any CPU.ActiveCfg = Debug|Any CPU
		{FC31EE99-17A0-62CB-9584-045B1BFDF42D}.Debug|Any CPU.Build.0 = Debug|Any CPU
		{FC31EE99-17A0-62CB-9584-045B1BFDF42D}.Release|Any CPU.ActiveCfg = Release|Any CPU
		{FC31EE99-17A0-62CB-9584-045B1BFDF42D}.Release|Any CPU.Build.0 = Release|Any CPU
		{98025B1C-F64C-2F3A-1481-87FC03DEA293}.Debug|Any CPU.ActiveCfg = Debug|Any CPU
		{98025B1C-F64C-2F3A-1481-87FC03DEA293}.Debug|Any CPU.Build.0 = Debug|Any CPU
		{98025B1C-F64C-2F3A-1481-87FC03DEA293}.Release|Any CPU.ActiveCfg = Release|Any CPU
		{98025B1C-F64C-2F3A-1481-87FC03DEA293}.Release|Any CPU.Build.0 = Release|Any CPU
		{A277A317-7594-FD47-758D-6B5663B666BA}.Debug|Any CPU.ActiveCfg = Debug|Any CPU
		{A277A317-7594-FD47-758D-6B5663B666BA}.Debug|Any CPU.Build.0 = Debug|Any CPU
		{A277A317-7594-FD47-758D-6B5663B666BA}.Release|Any CPU.ActiveCfg = Release|Any CPU
		{A277A317-7594-FD47-758D-6B5663B666BA}.Release|Any CPU.Build.0 = Release|Any CPU
		{EE788991-AF7E-AB44-0CC1-05ECE22C2E73}.Debug|Any CPU.ActiveCfg = Debug|Any CPU
		{EE788991-AF7E-AB44-0CC1-05ECE22C2E73}.Debug|Any CPU.Build.0 = Debug|Any CPU
		{EE788991-AF7E-AB44-0CC1-05ECE22C2E73}.Release|Any CPU.ActiveCfg = Release|Any CPU
		{EE788991-AF7E-AB44-0CC1-05ECE22C2E73}.Release|Any CPU.Build.0 = Release|Any CPU
		{AA63A237-E1BD-8B8A-B87D-F1EB40B5D53C}.Debug|Any CPU.ActiveCfg = Debug|Any CPU
		{AA63A237-E1BD-8B8A-B87D-F1EB40B5D53C}.Debug|Any CPU.Build.0 = Debug|Any CPU
		{AA63A237-E1BD-8B8A-B87D-F1EB40B5D53C}.Release|Any CPU.ActiveCfg = Release|Any CPU
		{AA63A237-E1BD-8B8A-B87D-F1EB40B5D53C}.Release|Any CPU.Build.0 = Release|Any CPU
		{DE1A0C5F-778D-91BA-2F94-41FCFFCECC54}.Debug|Any CPU.ActiveCfg = Debug|Any CPU
		{DE1A0C5F-778D-91BA-2F94-41FCFFCECC54}.Debug|Any CPU.Build.0 = Debug|Any CPU
		{DE1A0C5F-778D-91BA-2F94-41FCFFCECC54}.Release|Any CPU.ActiveCfg = Release|Any CPU
		{DE1A0C5F-778D-91BA-2F94-41FCFFCECC54}.Release|Any CPU.Build.0 = Release|Any CPU
		{88B8B0D1-F62C-3622-2781-4E09645F6AC1}.Debug|Any CPU.ActiveCfg = Debug|Any CPU
		{88B8B0D1-F62C-3622-2781-4E09645F6AC1}.Debug|Any CPU.Build.0 = Debug|Any CPU
		{88B8B0D1-F62C-3622-2781-4E09645F6AC1}.Release|Any CPU.ActiveCfg = Release|Any CPU
		{88B8B0D1-F62C-3622-2781-4E09645F6AC1}.Release|Any CPU.Build.0 = Release|Any CPU
		{59017F52-EE1E-4CEC-8D64-7BD9B8EE3C6F}.Debug|Any CPU.ActiveCfg = Debug|Any CPU
		{59017F52-EE1E-4CEC-8D64-7BD9B8EE3C6F}.Debug|Any CPU.Build.0 = Debug|Any CPU
		{59017F52-EE1E-4CEC-8D64-7BD9B8EE3C6F}.Release|Any CPU.ActiveCfg = Release|Any CPU
		{59017F52-EE1E-4CEC-8D64-7BD9B8EE3C6F}.Release|Any CPU.Build.0 = Release|Any CPU
		{FEB818CD-BCA0-F8F7-6F0E-DC31A1FC0F51}.Debug|Any CPU.ActiveCfg = Debug|Any CPU
		{FEB818CD-BCA0-F8F7-6F0E-DC31A1FC0F51}.Debug|Any CPU.Build.0 = Debug|Any CPU
		{FEB818CD-BCA0-F8F7-6F0E-DC31A1FC0F51}.Release|Any CPU.ActiveCfg = Release|Any CPU
		{FEB818CD-BCA0-F8F7-6F0E-DC31A1FC0F51}.Release|Any CPU.Build.0 = Release|Any CPU
		{E56C1CE7-70FC-02A4-88C8-D2EE48645DE6}.Debug|Any CPU.ActiveCfg = Debug|Any CPU
		{E56C1CE7-70FC-02A4-88C8-D2EE48645DE6}.Debug|Any CPU.Build.0 = Debug|Any CPU
		{E56C1CE7-70FC-02A4-88C8-D2EE48645DE6}.Release|Any CPU.ActiveCfg = Release|Any CPU
		{E56C1CE7-70FC-02A4-88C8-D2EE48645DE6}.Release|Any CPU.Build.0 = Release|Any CPU
		{95BFFF0C-3E13-4EE5-7EFF-F0DDDFA9122F}.Debug|Any CPU.ActiveCfg = Debug|Any CPU
		{95BFFF0C-3E13-4EE5-7EFF-F0DDDFA9122F}.Debug|Any CPU.Build.0 = Debug|Any CPU
		{95BFFF0C-3E13-4EE5-7EFF-F0DDDFA9122F}.Release|Any CPU.ActiveCfg = Release|Any CPU
		{95BFFF0C-3E13-4EE5-7EFF-F0DDDFA9122F}.Release|Any CPU.Build.0 = Release|Any CPU
		{99E17553-8DCC-5F2A-F172-E0E41FC3AFAF}.Debug|Any CPU.ActiveCfg = Debug|Any CPU
		{99E17553-8DCC-5F2A-F172-E0E41FC3AFAF}.Debug|Any CPU.Build.0 = Debug|Any CPU
		{99E17553-8DCC-5F2A-F172-E0E41FC3AFAF}.Release|Any CPU.ActiveCfg = Release|Any CPU
		{99E17553-8DCC-5F2A-F172-E0E41FC3AFAF}.Release|Any CPU.Build.0 = Release|Any CPU
		{B90DA3CA-4AD4-3707-8FF1-4494D90F3CF6}.Debug|Any CPU.ActiveCfg = Debug|Any CPU
		{B90DA3CA-4AD4-3707-8FF1-4494D90F3CF6}.Debug|Any CPU.Build.0 = Debug|Any CPU
		{B90DA3CA-4AD4-3707-8FF1-4494D90F3CF6}.Release|Any CPU.ActiveCfg = Release|Any CPU
		{B90DA3CA-4AD4-3707-8FF1-4494D90F3CF6}.Release|Any CPU.Build.0 = Release|Any CPU
		{9D37C9C6-5D35-E668-0600-2DE47D360BB0}.Debug|Any CPU.ActiveCfg = Debug|Any CPU
		{9D37C9C6-5D35-E668-0600-2DE47D360BB0}.Debug|Any CPU.Build.0 = Debug|Any CPU
		{9D37C9C6-5D35-E668-0600-2DE47D360BB0}.Release|Any CPU.ActiveCfg = Release|Any CPU
		{9D37C9C6-5D35-E668-0600-2DE47D360BB0}.Release|Any CPU.Build.0 = Release|Any CPU
		{8969B96C-9F30-D084-EE34-DCB57E185812}.Debug|Any CPU.ActiveCfg = Debug|Any CPU
		{8969B96C-9F30-D084-EE34-DCB57E185812}.Debug|Any CPU.Build.0 = Debug|Any CPU
		{8969B96C-9F30-D084-EE34-DCB57E185812}.Release|Any CPU.ActiveCfg = Release|Any CPU
		{8969B96C-9F30-D084-EE34-DCB57E185812}.Release|Any CPU.Build.0 = Release|Any CPU
		{865E70EE-B67F-DA4A-ED93-0AF7AAE1E1BA}.Debug|Any CPU.ActiveCfg = Debug|Any CPU
		{865E70EE-B67F-DA4A-ED93-0AF7AAE1E1BA}.Debug|Any CPU.Build.0 = Debug|Any CPU
		{865E70EE-B67F-DA4A-ED93-0AF7AAE1E1BA}.Release|Any CPU.ActiveCfg = Release|Any CPU
		{865E70EE-B67F-DA4A-ED93-0AF7AAE1E1BA}.Release|Any CPU.Build.0 = Release|Any CPU
		{6419FE4C-0A34-5166-1F4F-D46AC1D39121}.Debug|Any CPU.ActiveCfg = Debug|Any CPU
		{6419FE4C-0A34-5166-1F4F-D46AC1D39121}.Debug|Any CPU.Build.0 = Debug|Any CPU
		{6419FE4C-0A34-5166-1F4F-D46AC1D39121}.Release|Any CPU.ActiveCfg = Release|Any CPU
		{6419FE4C-0A34-5166-1F4F-D46AC1D39121}.Release|Any CPU.Build.0 = Release|Any CPU
		{252E1EC4-C493-91F5-E19C-CFABE201C482}.Debug|Any CPU.ActiveCfg = Debug|Any CPU
		{252E1EC4-C493-91F5-E19C-CFABE201C482}.Debug|Any CPU.Build.0 = Debug|Any CPU
		{252E1EC4-C493-91F5-E19C-CFABE201C482}.Release|Any CPU.ActiveCfg = Release|Any CPU
		{252E1EC4-C493-91F5-E19C-CFABE201C482}.Release|Any CPU.Build.0 = Release|Any CPU
		{C2178493-046E-2C48-EABE-2BF54E43AD61}.Debug|Any CPU.ActiveCfg = Debug|Any CPU
		{C2178493-046E-2C48-EABE-2BF54E43AD61}.Debug|Any CPU.Build.0 = Debug|Any CPU
		{C2178493-046E-2C48-EABE-2BF54E43AD61}.Release|Any CPU.ActiveCfg = Release|Any CPU
		{C2178493-046E-2C48-EABE-2BF54E43AD61}.Release|Any CPU.Build.0 = Release|Any CPU
		{ED234692-D4E1-53E7-CBD7-34F76A65E11D}.Debug|Any CPU.ActiveCfg = Debug|Any CPU
		{ED234692-D4E1-53E7-CBD7-34F76A65E11D}.Debug|Any CPU.Build.0 = Debug|Any CPU
		{ED234692-D4E1-53E7-CBD7-34F76A65E11D}.Release|Any CPU.ActiveCfg = Release|Any CPU
		{ED234692-D4E1-53E7-CBD7-34F76A65E11D}.Release|Any CPU.Build.0 = Release|Any CPU
		{C3E6D3A8-6896-EAB8-D2FA-F5E6FB80765F}.Debug|Any CPU.ActiveCfg = Debug|Any CPU
		{C3E6D3A8-6896-EAB8-D2FA-F5E6FB80765F}.Debug|Any CPU.Build.0 = Debug|Any CPU
		{C3E6D3A8-6896-EAB8-D2FA-F5E6FB80765F}.Release|Any CPU.ActiveCfg = Release|Any CPU
		{C3E6D3A8-6896-EAB8-D2FA-F5E6FB80765F}.Release|Any CPU.Build.0 = Release|Any CPU
		{80A4BB3D-CF0C-35E1-DA35-8512CCBBF22B}.Debug|Any CPU.ActiveCfg = Debug|Any CPU
		{80A4BB3D-CF0C-35E1-DA35-8512CCBBF22B}.Debug|Any CPU.Build.0 = Debug|Any CPU
		{80A4BB3D-CF0C-35E1-DA35-8512CCBBF22B}.Release|Any CPU.ActiveCfg = Release|Any CPU
		{80A4BB3D-CF0C-35E1-DA35-8512CCBBF22B}.Release|Any CPU.Build.0 = Release|Any CPU
		{6F297144-AAA8-99A6-896C-C1B57D982FF1}.Debug|Any CPU.ActiveCfg = Debug|Any CPU
		{6F297144-AAA8-99A6-896C-C1B57D982FF1}.Debug|Any CPU.Build.0 = Debug|Any CPU
		{6F297144-AAA8-99A6-896C-C1B57D982FF1}.Release|Any CPU.ActiveCfg = Release|Any CPU
		{6F297144-AAA8-99A6-896C-C1B57D982FF1}.Release|Any CPU.Build.0 = Release|Any CPU
		{866B5106-D232-6170-9038-CD66C61D7E6E}.Debug|Any CPU.ActiveCfg = Debug|Any CPU
		{866B5106-D232-6170-9038-CD66C61D7E6E}.Debug|Any CPU.Build.0 = Debug|Any CPU
		{866B5106-D232-6170-9038-CD66C61D7E6E}.Release|Any CPU.ActiveCfg = Release|Any CPU
		{866B5106-D232-6170-9038-CD66C61D7E6E}.Release|Any CPU.Build.0 = Release|Any CPU
		{1CB78B6A-8CE0-940A-7164-31A40B141960}.Debug|Any CPU.ActiveCfg = Debug|Any CPU
		{1CB78B6A-8CE0-940A-7164-31A40B141960}.Debug|Any CPU.Build.0 = Debug|Any CPU
		{1CB78B6A-8CE0-940A-7164-31A40B141960}.Release|Any CPU.ActiveCfg = Release|Any CPU
		{1CB78B6A-8CE0-940A-7164-31A40B141960}.Release|Any CPU.Build.0 = Release|Any CPU
		{2A4AE189-546B-7DC1-CD27-7D7111E6425B}.Debug|Any CPU.ActiveCfg = Debug|Any CPU
		{2A4AE189-546B-7DC1-CD27-7D7111E6425B}.Debug|Any CPU.Build.0 = Debug|Any CPU
		{2A4AE189-546B-7DC1-CD27-7D7111E6425B}.Release|Any CPU.ActiveCfg = Release|Any CPU
		{2A4AE189-546B-7DC1-CD27-7D7111E6425B}.Release|Any CPU.Build.0 = Release|Any CPU
		{87156B6A-ECF3-F2E1-D3D0-C5B30BF52005}.Debug|Any CPU.ActiveCfg = Debug|Any CPU
		{87156B6A-ECF3-F2E1-D3D0-C5B30BF52005}.Debug|Any CPU.Build.0 = Debug|Any CPU
		{87156B6A-ECF3-F2E1-D3D0-C5B30BF52005}.Release|Any CPU.ActiveCfg = Release|Any CPU
		{87156B6A-ECF3-F2E1-D3D0-C5B30BF52005}.Release|Any CPU.Build.0 = Release|Any CPU
		{91AF9AFF-2FBD-04C5-67F0-793DB8D824B2}.Debug|Any CPU.ActiveCfg = Debug|Any CPU
		{91AF9AFF-2FBD-04C5-67F0-793DB8D824B2}.Debug|Any CPU.Build.0 = Debug|Any CPU
		{91AF9AFF-2FBD-04C5-67F0-793DB8D824B2}.Release|Any CPU.ActiveCfg = Release|Any CPU
		{91AF9AFF-2FBD-04C5-67F0-793DB8D824B2}.Release|Any CPU.Build.0 = Release|Any CPU
		{058D0467-397A-BCE9-D68D-6AAAB94D9345}.Debug|Any CPU.ActiveCfg = Debug|Any CPU
		{058D0467-397A-BCE9-D68D-6AAAB94D9345}.Debug|Any CPU.Build.0 = Debug|Any CPU
		{058D0467-397A-BCE9-D68D-6AAAB94D9345}.Release|Any CPU.ActiveCfg = Release|Any CPU
		{058D0467-397A-BCE9-D68D-6AAAB94D9345}.Release|Any CPU.Build.0 = Release|Any CPU
		{B26ECF21-7D31-116F-3B2D-0FCF7AEE72EA}.Debug|Any CPU.ActiveCfg = Debug|Any CPU
		{B26ECF21-7D31-116F-3B2D-0FCF7AEE72EA}.Debug|Any CPU.Build.0 = Debug|Any CPU
		{B26ECF21-7D31-116F-3B2D-0FCF7AEE72EA}.Release|Any CPU.ActiveCfg = Release|Any CPU
		{B26ECF21-7D31-116F-3B2D-0FCF7AEE72EA}.Release|Any CPU.Build.0 = Release|Any CPU
		{60A9C2D1-74CC-756C-3DC1-D73371605AC6}.Debug|Any CPU.ActiveCfg = Debug|Any CPU
		{60A9C2D1-74CC-756C-3DC1-D73371605AC6}.Debug|Any CPU.Build.0 = Debug|Any CPU
		{60A9C2D1-74CC-756C-3DC1-D73371605AC6}.Release|Any CPU.ActiveCfg = Release|Any CPU
		{60A9C2D1-74CC-756C-3DC1-D73371605AC6}.Release|Any CPU.Build.0 = Release|Any CPU
		{3F99A7D0-9B6A-78B2-FA5F-D109F1AC6037}.Debug|Any CPU.ActiveCfg = Debug|Any CPU
		{3F99A7D0-9B6A-78B2-FA5F-D109F1AC6037}.Debug|Any CPU.Build.0 = Debug|Any CPU
		{3F99A7D0-9B6A-78B2-FA5F-D109F1AC6037}.Release|Any CPU.ActiveCfg = Release|Any CPU
		{3F99A7D0-9B6A-78B2-FA5F-D109F1AC6037}.Release|Any CPU.Build.0 = Release|Any CPU
		{4A77BE4F-8274-30E5-6E1E-B19649F180F6}.Debug|Any CPU.ActiveCfg = Debug|Any CPU
		{4A77BE4F-8274-30E5-6E1E-B19649F180F6}.Debug|Any CPU.Build.0 = Debug|Any CPU
		{4A77BE4F-8274-30E5-6E1E-B19649F180F6}.Release|Any CPU.ActiveCfg = Release|Any CPU
		{4A77BE4F-8274-30E5-6E1E-B19649F180F6}.Release|Any CPU.Build.0 = Release|Any CPU
		{16DFF622-F856-76F4-3DCD-AB390FAA943B}.Debug|Any CPU.ActiveCfg = Debug|Any CPU
		{16DFF622-F856-76F4-3DCD-AB390FAA943B}.Debug|Any CPU.Build.0 = Debug|Any CPU
		{16DFF622-F856-76F4-3DCD-AB390FAA943B}.Release|Any CPU.ActiveCfg = Release|Any CPU
		{16DFF622-F856-76F4-3DCD-AB390FAA943B}.Release|Any CPU.Build.0 = Release|Any CPU
		{BE9B7144-A1BF-C1D6-4283-8EE1D2C90F52}.Debug|Any CPU.ActiveCfg = Debug|Any CPU
		{BE9B7144-A1BF-C1D6-4283-8EE1D2C90F52}.Debug|Any CPU.Build.0 = Debug|Any CPU
		{BE9B7144-A1BF-C1D6-4283-8EE1D2C90F52}.Release|Any CPU.ActiveCfg = Release|Any CPU
		{BE9B7144-A1BF-C1D6-4283-8EE1D2C90F52}.Release|Any CPU.Build.0 = Release|Any CPU
		{D5EB4C2A-4B6F-0BFB-76C7-361EDB528CBD}.Debug|Any CPU.ActiveCfg = Debug|Any CPU
		{D5EB4C2A-4B6F-0BFB-76C7-361EDB528CBD}.Debug|Any CPU.Build.0 = Debug|Any CPU
		{D5EB4C2A-4B6F-0BFB-76C7-361EDB528CBD}.Release|Any CPU.ActiveCfg = Release|Any CPU
		{D5EB4C2A-4B6F-0BFB-76C7-361EDB528CBD}.Release|Any CPU.Build.0 = Release|Any CPU
		{6775D7FE-A1E4-81F7-5556-6706D611F447}.Debug|Any CPU.ActiveCfg = Debug|Any CPU
		{6775D7FE-A1E4-81F7-5556-6706D611F447}.Debug|Any CPU.Build.0 = Debug|Any CPU
		{6775D7FE-A1E4-81F7-5556-6706D611F447}.Release|Any CPU.ActiveCfg = Release|Any CPU
		{6775D7FE-A1E4-81F7-5556-6706D611F447}.Release|Any CPU.Build.0 = Release|Any CPU
		{412986D3-F7A5-2541-4505-5D6B64D43F75}.Debug|Any CPU.ActiveCfg = Debug|Any CPU
		{412986D3-F7A5-2541-4505-5D6B64D43F75}.Debug|Any CPU.Build.0 = Debug|Any CPU
		{412986D3-F7A5-2541-4505-5D6B64D43F75}.Release|Any CPU.ActiveCfg = Release|Any CPU
		{412986D3-F7A5-2541-4505-5D6B64D43F75}.Release|Any CPU.Build.0 = Release|Any CPU
		{0BBFEE13-3DDC-B54B-F61D-5D9DB3579D98}.Debug|Any CPU.ActiveCfg = Debug|Any CPU
		{0BBFEE13-3DDC-B54B-F61D-5D9DB3579D98}.Debug|Any CPU.Build.0 = Debug|Any CPU
		{0BBFEE13-3DDC-B54B-F61D-5D9DB3579D98}.Release|Any CPU.ActiveCfg = Release|Any CPU
		{0BBFEE13-3DDC-B54B-F61D-5D9DB3579D98}.Release|Any CPU.Build.0 = Release|Any CPU
		{ED27F715-421C-FDB6-BD28-DAEF28FEE66F}.Debug|Any CPU.ActiveCfg = Debug|Any CPU
		{ED27F715-421C-FDB6-BD28-DAEF28FEE66F}.Debug|Any CPU.Build.0 = Debug|Any CPU
		{ED27F715-421C-FDB6-BD28-DAEF28FEE66F}.Release|Any CPU.ActiveCfg = Release|Any CPU
		{ED27F715-421C-FDB6-BD28-DAEF28FEE66F}.Release|Any CPU.Build.0 = Release|Any CPU
		{BEAA152F-B823-FE38-8381-04912B956848}.Debug|Any CPU.ActiveCfg = Debug|Any CPU
		{BEAA152F-B823-FE38-8381-04912B956848}.Debug|Any CPU.Build.0 = Debug|Any CPU
		{BEAA152F-B823-FE38-8381-04912B956848}.Release|Any CPU.ActiveCfg = Release|Any CPU
		{BEAA152F-B823-FE38-8381-04912B956848}.Release|Any CPU.Build.0 = Release|Any CPU
		{1E5AB977-9F88-4F2D-93AC-EB5831D628CB}.Debug|Any CPU.ActiveCfg = Debug|Any CPU
		{1E5AB977-9F88-4F2D-93AC-EB5831D628CB}.Debug|Any CPU.Build.0 = Debug|Any CPU
		{1E5AB977-9F88-4F2D-93AC-EB5831D628CB}.Release|Any CPU.ActiveCfg = Release|Any CPU
		{1E5AB977-9F88-4F2D-93AC-EB5831D628CB}.Release|Any CPU.Build.0 = Release|Any CPU
		{8D755614-2531-0914-46B2-BA139B03BCAA}.Debug|Any CPU.ActiveCfg = Debug|Any CPU
		{8D755614-2531-0914-46B2-BA139B03BCAA}.Debug|Any CPU.Build.0 = Debug|Any CPU
		{8D755614-2531-0914-46B2-BA139B03BCAA}.Release|Any CPU.ActiveCfg = Release|Any CPU
		{8D755614-2531-0914-46B2-BA139B03BCAA}.Release|Any CPU.Build.0 = Release|Any CPU
		{7F2CB49B-EACA-FCAD-3AFD-CF6A7F61DF29}.Debug|Any CPU.ActiveCfg = Debug|Any CPU
		{7F2CB49B-EACA-FCAD-3AFD-CF6A7F61DF29}.Debug|Any CPU.Build.0 = Debug|Any CPU
		{7F2CB49B-EACA-FCAD-3AFD-CF6A7F61DF29}.Release|Any CPU.ActiveCfg = Release|Any CPU
		{7F2CB49B-EACA-FCAD-3AFD-CF6A7F61DF29}.Release|Any CPU.Build.0 = Release|Any CPU
		{E5075439-492A-89C3-5D42-6B34436ECB54}.Debug|Any CPU.ActiveCfg = Debug|Any CPU
		{E5075439-492A-89C3-5D42-6B34436ECB54}.Debug|Any CPU.Build.0 = Debug|Any CPU
		{E5075439-492A-89C3-5D42-6B34436ECB54}.Release|Any CPU.ActiveCfg = Release|Any CPU
		{E5075439-492A-89C3-5D42-6B34436ECB54}.Release|Any CPU.Build.0 = Release|Any CPU
		{3709C1E5-8729-33DA-9DA1-BA13BDB9282E}.Debug|Any CPU.ActiveCfg = Debug|Any CPU
		{3709C1E5-8729-33DA-9DA1-BA13BDB9282E}.Debug|Any CPU.Build.0 = Debug|Any CPU
		{3709C1E5-8729-33DA-9DA1-BA13BDB9282E}.Release|Any CPU.ActiveCfg = Release|Any CPU
		{3709C1E5-8729-33DA-9DA1-BA13BDB9282E}.Release|Any CPU.Build.0 = Release|Any CPU
		{7973C3F3-AD21-02E9-44A2-10607AF084C5}.Debug|Any CPU.ActiveCfg = Debug|Any CPU
		{7973C3F3-AD21-02E9-44A2-10607AF084C5}.Debug|Any CPU.Build.0 = Debug|Any CPU
		{7973C3F3-AD21-02E9-44A2-10607AF084C5}.Release|Any CPU.ActiveCfg = Release|Any CPU
		{7973C3F3-AD21-02E9-44A2-10607AF084C5}.Release|Any CPU.Build.0 = Release|Any CPU
		{CBD9678F-18AC-C141-7395-5A0B989935ED}.Debug|Any CPU.ActiveCfg = Debug|Any CPU
		{CBD9678F-18AC-C141-7395-5A0B989935ED}.Debug|Any CPU.Build.0 = Debug|Any CPU
		{CBD9678F-18AC-C141-7395-5A0B989935ED}.Release|Any CPU.ActiveCfg = Release|Any CPU
		{CBD9678F-18AC-C141-7395-5A0B989935ED}.Release|Any CPU.Build.0 = Release|Any CPU
	EndGlobalSection
	GlobalSection(SolutionProperties) = preSolution
		HideSolutionNode = FALSE
	EndGlobalSection
EndGlobal
